
Microsoft Visual Studio Solution File, Format Version 12.00
# Visual Studio 15
VisualStudioVersion = 15.0.28010.2050
MinimumVisualStudioVersion = 10.0.40219.1
Project("{FAE04EC0-301F-11D3-BF4B-00C04F79EFBC}") = "GetStartCSharpe", "GetStartCSharpe\GetStartCSharpe.csproj", "{CDCC8D41-6108-4DE7-AD65-ABFA32FFAA0A}"
EndProject
Global
	GlobalSection(SolutionConfigurationPlatforms) = preSolution
		Debug|Any CPU = Debug|Any CPU
		Release|Any CPU = Release|Any CPU
	EndGlobalSection
	GlobalSection(ProjectConfigurationPlatforms) = postSolution
		{CDCC8D41-6108-4DE7-AD65-ABFA32FFAA0A}.Debug|Any CPU.ActiveCfg = Debug|Any CPU
		{CDCC8D41-6108-4DE7-AD65-ABFA32FFAA0A}.Debug|Any CPU.Build.0 = Debug|Any CPU
		{CDCC8D41-6108-4DE7-AD65-ABFA32FFAA0A}.Release|Any CPU.ActiveCfg = Release|Any CPU
		{CDCC8D41-6108-4DE7-AD65-ABFA32FFAA0A}.Release|Any CPU.Build.0 = Release|Any CPU
	EndGlobalSection
	GlobalSection(SolutionProperties) = preSolution
		HideSolutionNode = FALSE
	EndGlobalSection
	GlobalSection(ExtensibilityGlobals) = postSolution
		SolutionGuid = {758A11A6-E617-45B3-97E9-506E36809E6B}
	EndGlobalSection
EndGlobal
